# Copyright (c) 2024, Rahul Arasikere <arasikere.rahul@gmail.com>
# SPDX-License-Identifier: Apache-2.0

description: TI Hercules LPO Clock Controller

compatible: "ti,hercules-lpo-clock"

include: [clock-controller.yaml, base.yaml]

properties:

  set-trim-from-otp:
    type: boolean
    description: |
      Sets the trim values from flash OTP.
  
  enable-lpo-bias:
    type: boolean
    description: |
      Enable the current source which drives the LPO.

  trim:
    type: int
    description: |
      Trim value for LPO. Ranges from 0 to 31 which set the corresponding 5 bits in the LPO registers.

  "#clock-cells":
    const: 0
